
Microsoft Visual Studio Solution File, Format Version 12.00
Project("{FAE04EC0-301F-11D3-BF4B-00C04F79EFBC}") = "Send", "Send\Send.csproj", "{826314B2-DF2B-485D-ABF9-30E27397F781}"
EndProject
Project("{FAE04EC0-301F-11D3-BF4B-00C04F79EFBC}") = "Receive", "Receive\Receive.csproj", "{747BA9E5-5F89-4C47-8BEA-79081D3E06D3}"
EndProject
Global
	GlobalSection(SolutionConfigurationPlatforms) = preSolution
		Debug|Any CPU = Debug|Any CPU
		Release|Any CPU = Release|Any CPU
	EndGlobalSection
	GlobalSection(ProjectConfigurationPlatforms) = postSolution
		{826314B2-DF2B-485D-ABF9-30E27397F781}.Debug|Any CPU.ActiveCfg = Debug|Any CPU
		{826314B2-DF2B-485D-ABF9-30E27397F781}.Debug|Any CPU.Build.0 = Debug|Any CPU
		{826314B2-DF2B-485D-ABF9-30E27397F781}.Release|Any CPU.ActiveCfg = Release|Any CPU
		{826314B2-DF2B-485D-ABF9-30E27397F781}.Release|Any CPU.Build.0 = Release|Any CPU
		{747BA9E5-5F89-4C47-8BEA-79081D3E06D3}.Debug|Any CPU.ActiveCfg = Debug|Any CPU
		{747BA9E5-5F89-4C47-8BEA-79081D3E06D3}.Debug|Any CPU.Build.0 = Debug|Any CPU
		{747BA9E5-5F89-4C47-8BEA-79081D3E06D3}.Release|Any CPU.ActiveCfg = Release|Any CPU
		{747BA9E5-5F89-4C47-8BEA-79081D3E06D3}.Release|Any CPU.Build.0 = Release|Any CPU
	EndGlobalSection
EndGlobal
